// !$*UTF8*$!
{
	archiveVersion = 1;
	classes = {
	};
	objectVersion = 56;
	objects = {

/* Begin PBXBuildFile section */
		CCCB036E2C18F49300E25FF7 /* AppDelegate.swift in Sources */ = {isa = PBXBuildFile; fileRef = CCCB036D2C18F49300E25FF7 /* AppDelegate.swift */; };
		CCCB03702C18F49300E25FF7 /* SceneDelegate.swift in Sources */ = {isa = PBXBuildFile; fileRef = CCCB036F2C18F49300E25FF7 /* SceneDelegate.swift */; };
		CCCB03722C18F49300E25FF7 /* CollectionViewController.swift in Sources */ = {isa = PBXBuildFile; fileRef = CCCB03712C18F49300E25FF7 /* CollectionViewController.swift */; };
		CCCB03772C18F49600E25FF7 /* Assets.xcassets in Resources */ = {isa = PBXBuildFile; fileRef = CCCB03762C18F49600E25FF7 /* Assets.xcassets */; };
		CCCB037A2C18F49600E25FF7 /* Base in Resources */ = {isa = PBXBuildFile; fileRef = CCCB03792C18F49600E25FF7 /* Base */; };
		CCCB03822C19C6C800E25FF7 /* TabbarVC.swift in Sources */ = {isa = PBXBuildFile; fileRef = CCCB03812C19C6C700E25FF7 /* TabbarVC.swift */; };
		CCCB03842C19C74700E25FF7 /* TableViewController.swift in Sources */ = {isa = PBXBuildFile; fileRef = CCCB03832C19C74700E25FF7 /* TableViewController.swift */; };
		CCCB03862C19C9E600E25FF7 /* FacotoryString.swift in Sources */ = {isa = PBXBuildFile; fileRef = CCCB03852C19C9E600E25FF7 /* FacotoryString.swift */; };
/* End PBXBuildFile section */

/* Begin PBXFileReference section */
		CCCB036A2C18F49300E25FF7 /* DynamiHeightCell.app */ = {isa = PBXFileReference; explicitFileType = wrapper.application; includeInIndex = 0; path = DynamiHeightCell.app; sourceTree = BUILT_PRODUCTS_DIR; };
		CCCB036D2C18F49300E25FF7 /* AppDelegate.swift */ = {isa = PBXFileReference; lastKnownFileType = sourcecode.swift; path = AppDelegate.swift; sourceTree = "<group>"; };
		CCCB036F2C18F49300E25FF7 /* SceneDelegate.swift */ = {isa = PBXFileReference; lastKnownFileType = sourcecode.swift; path = SceneDelegate.swift; sourceTree = "<group>"; };
		CCCB03712C18F49300E25FF7 /* CollectionViewController.swift */ = {isa = PBXFileReference; lastKnownFileType = sourcecode.swift; path = CollectionViewController.swift; sourceTree = "<group>"; };
		CCCB03762C18F49600E25FF7 /* Assets.xcassets */ = {isa = PBXFileReference; lastKnownFileType = folder.assetcatalog; path = Assets.xcassets; sourceTree = "<group>"; };
		CCCB03792C18F49600E25FF7 /* Base */ = {isa = PBXFileReference; lastKnownFileType = file.storyboard; name = Base; path = Base.lproj/LaunchScreen.storyboard; sourceTree = "<group>"; };
		CCCB037B2C18F49600E25FF7 /* Info.plist */ = {isa = PBXFileReference; lastKnownFileType = text.plist.xml; path = Info.plist; sourceTree = "<group>"; };
		CCCB03812C19C6C700E25FF7 /* TabbarVC.swift */ = {isa = PBXFileReference; lastKnownFileType = sourcecode.swift; path = TabbarVC.swift; sourceTree = "<group>"; };
		CCCB03832C19C74700E25FF7 /* TableViewController.swift */ = {isa = PBXFileReference; lastKnownFileType = sourcecode.swift; path = TableViewController.swift; sourceTree = "<group>"; };
		CCCB03852C19C9E600E25FF7 /* FacotoryString.swift */ = {isa = PBXFileReference; lastKnownFileType = sourcecode.swift; path = FacotoryString.swift; sourceTree = "<group>"; };
/* End PBXFileReference section */

/* Begin PBXFrameworksBuildPhase section */
		CCCB03672C18F49300E25FF7 /* Frameworks */ = {
			isa = PBXFrameworksBuildPhase;
			buildActionMask = 2147483647;
			files = (
			);
			runOnlyForDeploymentPostprocessing = 0;
		};
/* End PBXFrameworksBuildPhase section */

/* Begin PBXGroup section */
		CCCB03612C18F49300E25FF7 = {
			isa = PBXGroup;
			children = (
				CCCB036C2C18F49300E25FF7 /* DynamiHeightCell */,
				CCCB036B2C18F49300E25FF7 /* Products */,
			);
			sourceTree = "<group>";
		};
		CCCB036B2C18F49300E25FF7 /* Products */ = {
			isa = PBXGroup;
			children = (
				CCCB036A2C18F49300E25FF7 /* DynamiHeightCell.app */,
			);
			name = Products;
			sourceTree = "<group>";
		};
		CCCB036C2C18F49300E25FF7 /* DynamiHeightCell */ = {
			isa = PBXGroup;
			children = (
				CCCB038A2C19CB3F00E25FF7 /* Utils */,
				CCCB03872C19CB1B00E25FF7 /* App */,
				CCCB03882C19CB2A00E25FF7 /* Modules */,
				CCCB03892C19CB3600E25FF7 /* Resources */,
			);
			path = DynamiHeightCell;
			sourceTree = "<group>";
		};
		CCCB03872C19CB1B00E25FF7 /* App */ = {
			isa = PBXGroup;
			children = (
				CCCB036D2C18F49300E25FF7 /* AppDelegate.swift */,
				CCCB036F2C18F49300E25FF7 /* SceneDelegate.swift */,
				CCCB037B2C18F49600E25FF7 /* Info.plist */,
			);
			path = App;
			sourceTree = "<group>";
		};
		CCCB03882C19CB2A00E25FF7 /* Modules */ = {
			isa = PBXGroup;
			children = (
				CCCB038B2C1AD7C700E25FF7 /* Collection */,
				CCCB038C2C1AD7D400E25FF7 /* Table */,
				CCCB03782C18F49600E25FF7 /* LaunchScreen.storyboard */,
				CCCB03812C19C6C700E25FF7 /* TabbarVC.swift */,
			);
			path = Modules;
			sourceTree = "<group>";
		};
		CCCB03892C19CB3600E25FF7 /* Resources */ = {
			isa = PBXGroup;
			children = (
				CCCB03762C18F49600E25FF7 /* Assets.xcassets */,
			);
			path = Resources;
			sourceTree = "<group>";
		};
		CCCB038A2C19CB3F00E25FF7 /* Utils */ = {
			isa = PBXGroup;
			children = (
				CCCB03852C19C9E600E25FF7 /* FacotoryString.swift */,
			);
			path = Utils;
			sourceTree = "<group>";
		};
		CCCB038B2C1AD7C700E25FF7 /* Collection */ = {
			isa = PBXGroup;
			children = (
				CCCB03712C18F49300E25FF7 /* CollectionViewController.swift */,
			);
			path = Collection;
			sourceTree = "<group>";
		};
		CCCB038C2C1AD7D400E25FF7 /* Table */ = {
			isa = PBXGroup;
			children = (
				CCCB03832C19C74700E25FF7 /* TableViewController.swift */,
			);
			path = Table;
			sourceTree = "<group>";
		};
/* End PBXGroup section */

/* Begin PBXNativeTarget section */
		CCCB03692C18F49300E25FF7 /* DynamiHeightCell */ = {
			isa = PBXNativeTarget;
			buildConfigurationList = CCCB037E2C18F49600E25FF7 /* Build configuration list for PBXNativeTarget "DynamiHeightCell" */;
			buildPhases = (
				CCCB03662C18F49300E25FF7 /* Sources */,
				CCCB03672C18F49300E25FF7 /* Frameworks */,
				CCCB03682C18F49300E25FF7 /* Resources */,
			);
			buildRules = (
			);
			dependencies = (
			);
			name = DynamiHeightCell;
			productName = DynamiHeightCell;
			productReference = CCCB036A2C18F49300E25FF7 /* DynamiHeightCell.app */;
			productType = "com.apple.product-type.application";
		};
/* End PBXNativeTarget section */

/* Begin PBXProject section */
		CCCB03622C18F49300E25FF7 /* Project object */ = {
			isa = PBXProject;
			attributes = {
				BuildIndependentTargetsInParallel = 1;
				LastSwiftUpdateCheck = 1540;
				LastUpgradeCheck = 1540;
				TargetAttributes = {
					CCCB03692C18F49300E25FF7 = {
						CreatedOnToolsVersion = 15.4;
					};
				};
			};
			buildConfigurationList = CCCB03652C18F49300E25FF7 /* Build configuration list for PBXProject "DynamiHeightCell" */;
			compatibilityVersion = "Xcode 14.0";
			developmentRegion = en;
			hasScannedForEncodings = 0;
			knownRegions = (
				en,
				Base,
			);
			mainGroup = CCCB03612C18F49300E25FF7;
			productRefGroup = CCCB036B2C18F49300E25FF7 /* Products */;
			projectDirPath = "";
			projectRoot = "";
			targets = (
				CCCB03692C18F49300E25FF7 /* DynamiHeightCell */,
			);
		};
/* End PBXProject section */

/* Begin PBXResourcesBuildPhase section */
		CCCB03682C18F49300E25FF7 /* Resources */ = {
			isa = PBXResourcesBuildPhase;
			buildActionMask = 2147483647;
			files = (
				CCCB03772C18F49600E25FF7 /* Assets.xcassets in Resources */,
				CCCB037A2C18F49600E25FF7 /* Base in Resources */,
			);
			runOnlyForDeploymentPostprocessing = 0;
		};
/* End PBXResourcesBuildPhase section */

/* Begin PBXSourcesBuildPhase section */
		CCCB03662C18F49300E25FF7 /* Sources */ = {
			isa = PBXSourcesBuildPhase;
			buildActionMask = 2147483647;
			files = (
				CCCB03722C18F49300E25FF7 /* CollectionViewController.swift in Sources */,
				CCCB036E2C18F49300E25FF7 /* AppDelegate.swift in Sources */,
				CCCB03822C19C6C800E25FF7 /* TabbarVC.swift in Sources */,
				CCCB03842C19C74700E25FF7 /* TableViewController.swift in Sources */,
				CCCB03702C18F49300E25FF7 /* SceneDelegate.swift in Sources */,
				CCCB03862C19C9E600E25FF7 /* FacotoryString.swift in Sources */,
			);
			runOnlyForDeploymentPostprocessing = 0;
		};
/* End PBXSourcesBuildPhase section */

/* Begin PBXVariantGroup section */
		CCCB03782C18F49600E25FF7 /* LaunchScreen.storyboard */ = {
			isa = PBXVariantGroup;
			children = (
				CCCB03792C18F49600E25FF7 /* Base */,
			);
			name = LaunchScreen.storyboard;
			sourceTree = "<group>";
		};
/* End PBXVariantGroup section */

/* Begin XCBuildConfiguration section */
		CCCB037C2C18F49600E25FF7 /* Debug */ = {
			isa = XCBuildConfiguration;
			buildSettings = {
				ALWAYS_SEARCH_USER_PATHS = NO;
				ASSETCATALOG_COMPILER_GENERATE_SWIFT_ASSET_SYMBOL_EXTENSIONS = YES;
				CLANG_ANALYZER_NONNULL = YES;
				CLANG_ANALYZER_NUMBER_OBJECT_CONVERSION = YES_AGGRESSIVE;
				CLANG_CXX_LANGUAGE_STANDARD = "gnu++20";
				CLANG_ENABLE_MODULES = YES;
				CLANG_ENABLE_OBJC_ARC = YES;
				CLANG_ENABLE_OBJC_WEAK = YES;
				CLANG_WARN_BLOCK_CAPTURE_AUTORELEASING = YES;
				CLANG_WARN_BOOL_CONVERSION = YES;
				CLANG_WARN_COMMA = YES;
				CLANG_WARN_CONSTANT_CONVERSION = YES;
				CLANG_WARN_DEPRECATED_OBJC_IMPLEMENTATIONS = YES;
				CLANG_WARN_DIRECT_OBJC_ISA_USAGE = YES_ERROR;
				CLANG_WARN_DOCUMENTATION_COMMENTS = YES;
				CLANG_WARN_EMPTY_BODY = YES;
				CLANG_WARN_ENUM_CONVERSION = YES;
				CLANG_WARN_INFINITE_RECURSION = YES;
				CLANG_WARN_INT_CONVERSION = YES;
				CLANG_WARN_NON_LITERAL_NULL_CONVERSION = YES;
				CLANG_WARN_OBJC_IMPLICIT_RETAIN_SELF = YES;
				CLANG_WARN_OBJC_LITERAL_CONVERSION = YES;
				CLANG_WARN_OBJC_ROOT_CLASS = YES_ERROR;
				CLANG_WARN_QUOTED_INCLUDE_IN_FRAMEWORK_HEADER = YES;
				CLANG_WARN_RANGE_LOOP_ANALYSIS = YES;
				CLANG_WARN_STRICT_PROTOTYPES = YES;
				CLANG_WARN_SUSPICIOUS_MOVE = YES;
				CLANG_WARN_UNGUARDED_AVAILABILITY = YES_AGGRESSIVE;
				CLANG_WARN_UNREACHABLE_CODE = YES;
				CLANG_WARN__DUPLICATE_METHOD_MATCH = YES;
				COPY_PHASE_STRIP = NO;
				DEBUG_INFORMATION_FORMAT = dwarf;
				ENABLE_STRICT_OBJC_MSGSEND = YES;
				ENABLE_TESTABILITY = YES;
				ENABLE_USER_SCRIPT_SANDBOXING = YES;
				GCC_C_LANGUAGE_STANDARD = gnu17;
				GCC_DYNAMIC_NO_PIC = NO;
				GCC_NO_COMMON_BLOCKS = YES;
				GCC_OPTIMIZATION_LEVEL = 0;
				GCC_PREPROCESSOR_DEFINITIONS = (
					"DEBUG=1",
					"$(inherited)",
				);
				GCC_WARN_64_TO_32_BIT_CONVERSION = YES;
				GCC_WARN_ABOUT_RETURN_TYPE = YES_ERROR;
				GCC_WARN_UNDECLARED_SELECTOR = YES;
				GCC_WARN_UNINITIALIZED_AUTOS = YES_AGGRESSIVE;
				GCC_WARN_UNUSED_FUNCTION = YES;
				GCC_WARN_UNUSED_VARIABLE = YES;
				IPHONEOS_DEPLOYMENT_TARGET = 13.0;
				LOCALIZATION_PREFERS_STRING_CATALOGS = YES;
				MTL_ENABLE_DEBUG_INFO = INCLUDE_SOURCE;
				MTL_FAST_MATH = YES;
				ONLY_ACTIVE_ARCH = YES;
				SDKROOT = iphoneos;
				SWIFT_ACTIVE_COMPILATION_CONDITIONS = "DEBUG $(inherited)";
				SWIFT_OPTIMIZATION_LEVEL = "-Onone";
			};
			name = Debug;
		};
		CCCB037D2C18F49600E25FF7 /* Release */ = {
			isa = XCBuildConfiguration;
			buildSettings = {
				ALWAYS_SEARCH_USER_PATHS = NO;
				ASSETCATALOG_COMPILER_GENERATE_SWIFT_ASSET_SYMBOL_EXTENSIONS = YES;
				CLANG_ANALYZER_NONNULL = YES;
				CLANG_ANALYZER_NUMBER_OBJECT_CONVERSION = YES_AGGRESSIVE;
				CLANG_CXX_LANGUAGE_STANDARD = "gnu++20";
				CLANG_ENABLE_MODULES = YES;
				CLANG_ENABLE_OBJC_ARC = YES;
				CLANG_ENABLE_OBJC_WEAK = YES;
				CLANG_WARN_BLOCK_CAPTURE_AUTORELEASING = YES;
				CLANG_WARN_BOOL_CONVERSION = YES;
				CLANG_WARN_COMMA = YES;
				CLANG_WARN_CONSTANT_CONVERSION = YES;
				CLANG_WARN_DEPRECATED_OBJC_IMPLEMENTATIONS = YES;
				CLANG_WARN_DIRECT_OBJC_ISA_USAGE = YES_ERROR;
				CLANG_WARN_DOCUMENTATION_COMMENTS = YES;
				CLANG_WARN_EMPTY_BODY = YES;
				CLANG_WARN_ENUM_CONVERSION = YES;
				CLANG_WARN_INFINITE_RECURSION = YES;
				CLANG_WARN_INT_CONVERSION = YES;
				CLANG_WARN_NON_LITERAL_NULL_CONVERSION = YES;
				CLANG_WARN_OBJC_IMPLICIT_RETAIN_SELF = YES;
				CLANG_WARN_OBJC_LITERAL_CONVERSION = YES;
				CLANG_WARN_OBJC_ROOT_CLASS = YES_ERROR;
				CLANG_WARN_QUOTED_INCLUDE_IN_FRAMEWORK_HEADER = YES;
				CLANG_WARN_RANGE_LOOP_ANALYSIS = YES;
				CLANG_WARN_STRICT_PROTOTYPES = YES;
				CLANG_WARN_SUSPICIOUS_MOVE = YES;
				CLANG_WARN_UNGUARDED_AVAILABILITY = YES_AGGRESSIVE;
				CLANG_WARN_UNREACHABLE_CODE = YES;
				CLANG_WARN__DUPLICATE_METHOD_MATCH = YES;
				COPY_PHASE_STRIP = NO;
				DEBUG_INFORMATION_FORMAT = "dwarf-with-dsym";
				ENABLE_NS_ASSERTIONS = NO;
				ENABLE_STRICT_OBJC_MSGSEND = YES;
				ENABLE_USER_SCRIPT_SANDBOXING = YES;
				GCC_C_LANGUAGE_STANDARD = gnu17;
				GCC_NO_COMMON_BLOCKS = YES;
				GCC_WARN_64_TO_32_BIT_CONVERSION = YES;
				GCC_WARN_ABOUT_RETURN_TYPE = YES_ERROR;
				GCC_WARN_UNDECLARED_SELECTOR = YES;
				GCC_WARN_UNINITIALIZED_AUTOS = YES_AGGRESSIVE;
				GCC_WARN_UNUSED_FUNCTION = YES;
				GCC_WARN_UNUSED_VARIABLE = YES;
				IPHONEOS_DEPLOYMENT_TARGET = 13.0;
				LOCALIZATION_PREFERS_STRING_CATALOGS = YES;
				MTL_ENABLE_DEBUG_INFO = NO;
				MTL_FAST_MATH = YES;
				SDKROOT = iphoneos;
				SWIFT_COMPILATION_MODE = wholemodule;
				VALIDATE_PRODUCT = YES;
			};
			name = Release;
		};
		CCCB037F2C18F49600E25FF7 /* Debug */ = {
			isa = XCBuildConfiguration;
			buildSettings = {
				ASSETCATALOG_COMPILER_APPICON_NAME = AppIcon;
				ASSETCATALOG_COMPILER_GLOBAL_ACCENT_COLOR_NAME = AccentColor;
				CODE_SIGN_STYLE = Automatic;
				CURRENT_PROJECT_VERSION = 1;
				DEVELOPMENT_TEAM = "";
				GENERATE_INFOPLIST_FILE = YES;
				INFOPLIST_FILE = DynamiHeightCell/App/Info.plist;
				INFOPLIST_KEY_UIApplicationSupportsIndirectInputEvents = YES;
				INFOPLIST_KEY_UILaunchStoryboardName = LaunchScreen;
				INFOPLIST_KEY_UISupportedInterfaceOrientations_iPad = "UIInterfaceOrientationPortrait UIInterfaceOrientationPortraitUpsideDown UIInterfaceOrientationLandscapeLeft UIInterfaceOrientationLandscapeRight";
				INFOPLIST_KEY_UISupportedInterfaceOrientations_iPhone = "UIInterfaceOrientationPortrait UIInterfaceOrientationLandscapeLeft UIInterfaceOrientationLandscapeRight";
				IPHONEOS_DEPLOYMENT_TARGET = 13.0;
				LD_RUNPATH_SEARCH_PATHS = (
					"$(inherited)",
					"@executable_path/Frameworks",
				);
				MARKETING_VERSION = 1.0;
				PRODUCT_BUNDLE_IDENTIFIER = com.sample.DynamicHeightCell;
				PRODUCT_NAME = "$(TARGET_NAME)";
				SWIFT_EMIT_LOC_STRINGS = YES;
				SWIFT_VERSION = 5.0;
				TARGETED_DEVICE_FAMILY = "1,2";
			};
			name = Debug;
		};
		CCCB03802C18F49600E25FF7 /* Release */ = {
			isa = XCBuildConfiguration;
			buildSettings = {
				ASSETCATALOG_COMPILER_APPICON_NAME = AppIcon;
				ASSETCATALOG_COMPILER_GLOBAL_ACCENT_COLOR_NAME = AccentColor;
				CODE_SIGN_STYLE = Automatic;
				CURRENT_PROJECT_VERSION = 1;
				DEVELOPMENT_TEAM = "";
				GENERATE_INFOPLIST_FILE = YES;
				INFOPLIST_FILE = DynamiHeightCell/App/Info.plist;
				INFOPLIST_KEY_UIApplicationSupportsIndirectInputEvents = YES;
				INFOPLIST_KEY_UILaunchStoryboardName = LaunchScreen;
				INFOPLIST_KEY_UISupportedInterfaceOrientations_iPad = "UIInterfaceOrientationPortrait UIInterfaceOrientationPortraitUpsideDown UIInterfaceOrientationLandscapeLeft UIInterfaceOrientationLandscapeRight";
				INFOPLIST_KEY_UISupportedInterfaceOrientations_iPhone = "UIInterfaceOrientationPortrait UIInterfaceOrientationLandscapeLeft UIInterfaceOrientationLandscapeRight";
				IPHONEOS_DEPLOYMENT_TARGET = 13.0;
				LD_RUNPATH_SEARCH_PATHS = (
					"$(inherited)",
					"@executable_path/Frameworks",
				);
				MARKETING_VERSION = 1.0;
				PRODUCT_BUNDLE_IDENTIFIER = com.sample.DynamicHeightCell;
				PRODUCT_NAME = "$(TARGET_NAME)";
				SWIFT_EMIT_LOC_STRINGS = YES;
				SWIFT_VERSION = 5.0;
				TARGETED_DEVICE_FAMILY = "1,2";
			};
			name = Release;
		};
/* End XCBuildConfiguration section */

/* Begin XCConfigurationList section */
		CCCB03652C18F49300E25FF7 /* Build configuration list for PBXProject "DynamiHeightCell" */ = {
			isa = XCConfigurationList;
			buildConfigurations = (
				CCCB037C2C18F49600E25FF7 /* Debug */,
				CCCB037D2C18F49600E25FF7 /* Release */,
			);
			defaultConfigurationIsVisible = 0;
			defaultConfigurationName = Release;
		};
		CCCB037E2C18F49600E25FF7 /* Build configuration list for PBXNativeTarget "DynamiHeightCell" */ = {
			isa = XCConfigurationList;
			buildConfigurations = (
				CCCB037F2C18F49600E25FF7 /* Debug */,
				CCCB03802C18F49600E25FF7 /* Release */,
			);
			defaultConfigurationIsVisible = 0;
			defaultConfigurationName = Release;
		};
/* End XCConfigurationList section */
	};
	rootObject = CCCB03622C18F49300E25FF7 /* Project object */;
}
